{
  "name": "emojis",
  "version": "0.0.1",
  "lockfileVersion": 3,
  "requires": true,
  "packages": {
    "": {
      "name": "emojis",
      "version": "0.0.1",
      "dependencies": {
        "emojibase-data": "^17.0.0"
      },
      "devDependencies": {
        "typescript": "^5.9.3",
        "vite": "^8.0.0"
      }
    },
    "node_modules/@emnapi/core": {
      "version": "1.9.0",
      "resolved": "https://npm.yelpcorp.com/_tarballs/%40emnapi%252Fcore@1.9.0/@emnapi-core-1.9.0.4a54213b208fcf288cce25076c74e0f7613e6100.tgz",
      "integrity": "sha1-SlQhOyCPzyiMziUHbHTg92E+YQA=",
      "dev": true,
      "license": "MIT",
      "optional": true,
      "dependencies": {
        "@emnapi/wasi-threads": "1.2.0",
        "tslib": "^2.4.0"
      }
    },
    "node_modules/@emnapi/runtime": {
      "version": "1.9.0",
      "resolved": "https://npm.yelpcorp.com/_tarballs/%40emnapi%252Fruntime@1.9.0/@emnapi-runtime-1.9.0.91c54a6e77c36154c125e873409472e2b70efd5b.tgz",
      "integrity": "sha1-kcVKbnfDYVTBJehzQJRy4rcO/Vs=",
      "dev": true,
      "license": "MIT",
      "optional": true,
      "dependencies": {
        "tslib": "^2.4.0"
      }
    },
    "node_modules/@emnapi/wasi-threads": {
      "version": "1.2.0",
      "resolved": "https://npm.yelpcorp.com/_tarballs/%40emnapi%252Fwasi-threads@1.2.0/@emnapi-wasi-threads-1.2.0.a19d9772cc3d195370bf6e2a805eec40aa75e18e.tgz",
      "integrity": "sha1-oZ2Xcsw9GVNwv24qgF7sQKp14Y4=",
      "dev": true,
      "license": "MIT",
      "optional": true,
      "dependencies": {
        "tslib": "^2.4.0"
      }
    },
    "node_modules/@napi-rs/wasm-runtime": {
      "version": "1.1.1",
      "resolved": "https://npm.yelpcorp.com/_tarballs/%40napi-rs%252Fwasm-runtime@1.1.1/@napi-rs-wasm-runtime-1.1.1.c3705ab549d176b8dc5172723d6156c3dc426af2.tgz",
      "integrity": "sha1-w3BatUnRdrjcUXJyPWFWw9xCavI=",
      "dev": true,
      "license": "MIT",
      "optional": true,
      "dependencies": {
        "@emnapi/core": "^1.7.1",
        "@emnapi/runtime": "^1.7.1",
        "@tybys/wasm-util": "^0.10.1"
      },
      "funding": {
        "type": "github",
        "url": "https://github.com/sponsors/Brooooooklyn"
      }
    },
    "node_modules/@oxc-project/runtime": {
      "version": "0.115.0",
      "resolved": "https://npm.yelpcorp.com/_tarballs/%40oxc-project%252Fruntime@0.115.0/@oxc-project-runtime-0.115.0.5e8350088964e1d8e0c73cfccfc1d71ca2e2f4a2.tgz",
      "integrity": "sha1-XoNQCIlk4djgxzz8z8HXHKLi9KI=",
      "dev": true,
      "license": "MIT",
      "engines": {
        "node": "^20.19.0 || >=22.12.0"
      }
    },
    "node_modules/@oxc-project/types": {
      "version": "0.115.0",
      "resolved": "https://npm.yelpcorp.com/_tarballs/%40oxc-project%252Ftypes@0.115.0/@oxc-project-types-0.115.0.92a599543529bce45f8f2da77f40a124d63349dc.tgz",
      "integrity": "sha1-kqWZVDUpvORfjy2nf0ChJNYzSdw=",
      "dev": true,
      "license": "MIT",
      "funding": {
        "url": "https://github.com/sponsors/Boshen"
      }
    },
    "node_modules/@rolldown/binding-android-arm64": {
      "version": "1.0.0-rc.9",
      "resolved": "https://npm.yelpcorp.com/_tarballs/%40rolldown%252Fbinding-android-arm64@1.0.0-rc.9/@rolldown-binding-android-arm64-1.0.0-rc.9.4bbd28868564948c2bf04b3ca117a6828f95626c.tgz",
      "integrity": "sha1-S70ohoVklIwr8Es8oRemgo+VYmw=",
      "cpu": [
        "arm64"
      ],
      "dev": true,
      "license": "MIT",
      "optional": true,
      "os": [
        "android"
      ],
      "engines": {
        "node": "^20.19.0 || >=22.12.0"
      }
    },
    "node_modules/@rolldown/binding-darwin-arm64": {
      "version": "1.0.0-rc.9",
      "resolved": "https://npm.yelpcorp.com/_tarballs/%40rolldown%252Fbinding-darwin-arm64@1.0.0-rc.9/@rolldown-binding-darwin-arm64-1.0.0-rc.9.80864a6997404f264cc7a216cad221fe6148705d.tgz",
      "integrity": "sha1-gIZKaZdATyZMx6IWytIh/mFIcF0=",
      "cpu": [
        "arm64"
      ],
      "dev": true,
      "license": "MIT",
      "optional": true,
      "os": [
        "darwin"
      ],
      "engines": {
        "node": "^20.19.0 || >=22.12.0"
      }
    },
    "node_modules/@rolldown/binding-darwin-x64": {
      "version": "1.0.0-rc.9",
      "resolved": "https://npm.yelpcorp.com/_tarballs/%40rolldown%252Fbinding-darwin-x64@1.0.0-rc.9/@rolldown-binding-darwin-x64-1.0.0-rc.9.747b698878b6f44d817f87e9e3cb197b16076d2a.tgz",
      "integrity": "sha1-dHtpiHi29E2Bf4fp48sZexYHbSo=",
      "cpu": [
        "x64"
      ],
      "dev": true,
      "license": "MIT",
      "optional": true,
      "os": [
        "darwin"
      ],
      "engines": {
        "node": "^20.19.0 || >=22.12.0"
      }
    },
    "node_modules/@rolldown/binding-freebsd-x64": {
      "version": "1.0.0-rc.9",
      "resolved": "https://npm.yelpcorp.com/_tarballs/%40rolldown%252Fbinding-freebsd-x64@1.0.0-rc.9/@rolldown-binding-freebsd-x64-1.0.0-rc.9.35c29d7c83aa75429c74d7d1ee9c7d3e61f4552c.tgz",
      "integrity": "sha1-NcKdfIOqdUKcdNfR7px9PmH0VSw=",
      "cpu": [
        "x64"
      ],
      "dev": true,
      "license": "MIT",
      "optional": true,
      "os": [
        "freebsd"
      ],
      "engines": {
        "node": "^20.19.0 || >=22.12.0"
      }
    },
    "node_modules/@rolldown/binding-linux-arm-gnueabihf": {
      "version": "1.0.0-rc.9",
      "resolved": "https://npm.yelpcorp.com/_tarballs/%40rolldown%252Fbinding-linux-arm-gnueabihf@1.0.0-rc.9/@rolldown-binding-linux-arm-gnueabihf-1.0.0-rc.9.36d2bcbcf07f17f18fb2df727a62f16e5295c816.tgz",
      "integrity": "sha1-NtK8vPB/F/GPst9yemLxblKVyBY=",
      "cpu": [
        "arm"
      ],
      "dev": true,
      "license": "MIT",
      "optional": true,
      "os": [
        "linux"
      ],
      "engines": {
        "node": "^20.19.0 || >=22.12.0"
      }
    },
    "node_modules/@rolldown/binding-linux-arm64-gnu": {
      "version": "1.0.0-rc.9",
      "resolved": "https://npm.yelpcorp.com/_tarballs/%40rolldown%252Fbinding-linux-arm64-gnu@1.0.0-rc.9/@rolldown-binding-linux-arm64-gnu-1.0.0-rc.9.5b03c11f2b661a275f2d7628e4f456783e1b9f63.tgz",
      "integrity": "sha1-WwPBHytmGidfLXYo5PRWeD4bn2M=",
      "cpu": [
        "arm64"
      ],
      "dev": true,
      "license": "MIT",
      "optional": true,
      "os": [
        "linux"
      ],
      "engines": {
        "node": "^20.19.0 || >=22.12.0"
      }
    },
    "node_modules/@rolldown/binding-linux-arm64-musl": {
      "version": "1.0.0-rc.9",
      "resolved": "https://npm.yelpcorp.com/_tarballs/%40rolldown%252Fbinding-linux-arm64-musl@1.0.0-rc.9/@rolldown-binding-linux-arm64-musl-1.0.0-rc.9.d3cbd1b1760d34b5789af89f4bcc09a1446d3eb5.tgz",
      "integrity": "sha1-08vRsXYNNLV4mvifS8wJoURtPrU=",
      "cpu": [
        "arm64"
      ],
      "dev": true,
      "license": "MIT",
      "optional": true,
      "os": [
        "linux"
      ],
      "engines": {
        "node": "^20.19.0 || >=22.12.0"
      }
    },
    "node_modules/@rolldown/binding-linux-ppc64-gnu": {
      "version": "1.0.0-rc.9",
      "resolved": "https://npm.yelpcorp.com/_tarballs/%40rolldown%252Fbinding-linux-ppc64-gnu@1.0.0-rc.9/@rolldown-binding-linux-ppc64-gnu-1.0.0-rc.9.8e971e7f066b2c0876e20c9f6174d645f31efb84.tgz",
      "integrity": "sha1-jpcefwZrLAh24gyfYXTWRfMe+4Q=",
      "cpu": [
        "ppc64"
      ],
      "dev": true,
      "license": "MIT",
      "optional": true,
      "os": [
        "linux"
      ],
      "engines": {
        "node": "^20.19.0 || >=22.12.0"
      }
    },
    "node_modules/@rolldown/binding-linux-s390x-gnu": {
      "version": "1.0.0-rc.9",
      "resolved": "https://npm.yelpcorp.com/_tarballs/%40rolldown%252Fbinding-linux-s390x-gnu@1.0.0-rc.9/@rolldown-binding-linux-s390x-gnu-1.0.0-rc.9.e7283523780741f07a4441c7c8af5b2550faadf2.tgz",
      "integrity": "sha1-5yg1I3gHQfB6REHHyK9bJVD6rfI=",
      "cpu": [
        "s390x"
      ],
      "dev": true,
      "license": "MIT",
      "optional": true,
      "os": [
        "linux"
      ],
      "engines": {
        "node": "^20.19.0 || >=22.12.0"
      }
    },
    "node_modules/@rolldown/binding-linux-x64-gnu": {
      "version": "1.0.0-rc.9",
      "resolved": "https://npm.yelpcorp.com/_tarballs/%40rolldown%252Fbinding-linux-x64-gnu@1.0.0-rc.9/@rolldown-binding-linux-x64-gnu-1.0.0-rc.9.da2302e079bb5f3a98edf75608621e94f1fb550e.tgz",
      "integrity": "sha1-2iMC4Hm7XzqY7fdWCGIelPH7VQ4=",
      "cpu": [
        "x64"
      ],
      "dev": true,
      "license": "MIT",
      "optional": true,
      "os": [
        "linux"
      ],
      "engines": {
        "node": "^20.19.0 || >=22.12.0"
      }
    },
    "node_modules/@rolldown/binding-linux-x64-musl": {
      "version": "1.0.0-rc.9",
      "resolved": "https://npm.yelpcorp.com/_tarballs/%40rolldown%252Fbinding-linux-x64-musl@1.0.0-rc.9/@rolldown-binding-linux-x64-musl-1.0.0-rc.9.3f27a620d56b93644fd1b6fad58fc2dbe93d5d71.tgz",
      "integrity": "sha1-PyemINVrk2RP0bb61Y/C2+k9XXE=",
      "cpu": [
        "x64"
      ],
      "dev": true,
      "license": "MIT",
      "optional": true,
      "os": [
        "linux"
      ],
      "engines": {
        "node": "^20.19.0 || >=22.12.0"
      }
    },
    "node_modules/@rolldown/binding-openharmony-arm64": {
      "version": "1.0.0-rc.9",
      "resolved": "https://npm.yelpcorp.com/_tarballs/%40rolldown%252Fbinding-openharmony-arm64@1.0.0-rc.9/@rolldown-binding-openharmony-arm64-1.0.0-rc.9.9c307777157d029aaf8db1a09221b9275dbe5547.tgz",
      "integrity": "sha1-nDB3dxV9ApqvjbGgkiG5J12+VUc=",
      "cpu": [
        "arm64"
      ],
      "dev": true,
      "license": "MIT",
      "optional": true,
      "os": [
        "openharmony"
      ],
      "engines": {
        "node": "^20.19.0 || >=22.12.0"
      }
    },
    "node_modules/@rolldown/binding-wasm32-wasi": {
      "version": "1.0.0-rc.9",
      "resolved": "https://npm.yelpcorp.com/_tarballs/%40rolldown%252Fbinding-wasm32-wasi@1.0.0-rc.9/@rolldown-binding-wasm32-wasi-1.0.0-rc.9.c3a82bef0ddd644efa74c050c26223f29f55039c.tgz",
      "integrity": "sha1-w6gr7w3dZE76dMBQwmIj8p9VA5w=",
      "cpu": [
        "wasm32"
      ],
      "dev": true,
      "license": "MIT",
      "optional": true,
      "dependencies": {
        "@napi-rs/wasm-runtime": "^1.1.1"
      },
      "engines": {
        "node": ">=14.0.0"
      }
    },
    "node_modules/@rolldown/binding-win32-arm64-msvc": {
      "version": "1.0.0-rc.9",
      "resolved": "https://npm.yelpcorp.com/_tarballs/%40rolldown%252Fbinding-win32-arm64-msvc@1.0.0-rc.9/@rolldown-binding-win32-arm64-msvc-1.0.0-rc.9.27e23cbd53b7095d0b66191ef999327b4684a6cf.tgz",
      "integrity": "sha1-J+I8vVO3CV0LZhke+Zkye0aEps8=",
      "cpu": [
        "arm64"
      ],
      "dev": true,
      "license": "MIT",
      "optional": true,
      "os": [
        "win32"
      ],
      "engines": {
        "node": "^20.19.0 || >=22.12.0"
      }
    },
    "node_modules/@rolldown/binding-win32-x64-msvc": {
      "version": "1.0.0-rc.9",
      "resolved": "https://npm.yelpcorp.com/_tarballs/%40rolldown%252Fbinding-win32-x64-msvc@1.0.0-rc.9/@rolldown-binding-win32-x64-msvc-1.0.0-rc.9.96046309142b398c9c2a9a0a052e7355535e69c8.tgz",
      "integrity": "sha1-lgRjCRQrOYycKpoKBS5zVVNeacg=",
      "cpu": [
        "x64"
      ],
      "dev": true,
      "license": "MIT",
      "optional": true,
      "os": [
        "win32"
      ],
      "engines": {
        "node": "^20.19.0 || >=22.12.0"
      }
    },
    "node_modules/@rolldown/pluginutils": {
      "version": "1.0.0-rc.9",
      "resolved": "https://npm.yelpcorp.com/_tarballs/%40rolldown%252Fpluginutils@1.0.0-rc.9/@rolldown-pluginutils-1.0.0-rc.9.ddb28c13602aea5a5edf03532c28bbfc37c4b5e0.tgz",
      "integrity": "sha1-3bKME2Aq6lpe3wNTLCi7/DfEteA=",
      "dev": true,
      "license": "MIT"
    },
    "node_modules/@tybys/wasm-util": {
      "version": "0.10.1",
      "resolved": "https://npm.yelpcorp.com/_tarballs/%40tybys%252Fwasm-util@0.10.1/@tybys-wasm-util-0.10.1.ecddd3205cf1e2d5274649ff0eedd2991ed7f414.tgz",
      "integrity": "sha1-7N3TIFzx4tUnRkn/Du3SmR7X9BQ=",
      "dev": true,
      "license": "MIT",
      "optional": true,
      "dependencies": {
        "tslib": "^2.4.0"
      }
    },
    "node_modules/detect-libc": {
      "version": "2.1.2",
      "resolved": "https://npm.yelpcorp.com/_tarballs/detect-libc@2.1.2/detect-libc-2.1.2.689c5dcdc1900ef5583a4cb9f6d7b473742074ad.tgz",
      "integrity": "sha1-aJxdzcGQDvVYOky59te0c3QgdK0=",
      "dev": true,
      "license": "Apache-2.0",
      "engines": {
        "node": ">=8"
      }
    },
    "node_modules/emojibase": {
      "version": "17.0.0",
      "resolved": "https://registry.npmjs.org/emojibase/-/emojibase-17.0.0.tgz",
      "integrity": "sha512-bXdpf4HPY3p41zK5swVKZdC/VynsMZ4LoLxdYDE+GucqkFwzcM1GVc4ODfYAlwoKaf2U2oNNUoOO78N96ovpBA==",
      "license": "MIT",
      "peer": true,
      "engines": {
        "node": ">=18.12.0"
      },
      "funding": {
        "type": "ko-fi",
        "url": "https://ko-fi.com/milesjohnson"
      }
    },
    "node_modules/emojibase-data": {
      "version": "17.0.0",
      "resolved": "https://registry.npmjs.org/emojibase-data/-/emojibase-data-17.0.0.tgz",
      "integrity": "sha512-Yvgb5AWoHViHV/gq1qr5ZAarcBip+B27/ZLRsUJkbgAEaLlZ/fof9g882LTpmEpyhBNEC0m2SEmItljHsTygjA==",
      "license": "MIT",
      "funding": {
        "type": "ko-fi",
        "url": "https://ko-fi.com/milesjohnson"
      },
      "peerDependencies": {
        "emojibase": "*"
      }
    },
    "node_modules/fdir": {
      "version": "6.5.0",
      "resolved": "https://npm.yelpcorp.com/_tarballs/fdir@6.5.0/fdir-6.5.0.ed2ab967a331ade62f18d077dae192684d50d350.tgz",
      "integrity": "sha1-7Sq5Z6MxreYvGNB32uGSaE1Q01A=",
      "dev": true,
      "license": "MIT",
      "engines": {
        "node": ">=12.0.0"
      },
      "peerDependencies": {
        "picomatch": "^3 || ^4"
      },
      "peerDependenciesMeta": {
        "picomatch": {
          "optional": true
        }
      }
    },
    "node_modules/fsevents": {
      "version": "2.3.3",
      "resolved": "https://npm.yelpcorp.com/_tarballs/fsevents@2.3.3/fsevents-2.3.3.cac6407785d03675a2a5e1a5305c697b347d90d6.tgz",
      "integrity": "sha1-ysZAd4XQNnWipeGlMFxpezR9kNY=",
      "dev": true,
      "hasInstallScript": true,
      "license": "MIT",
      "optional": true,
      "os": [
        "darwin"
      ],
      "engines": {
        "node": "^8.16.0 || ^10.6.0 || >=11.0.0"
      }
    },
    "node_modules/lightningcss": {
      "version": "1.32.0",
      "resolved": "https://npm.yelpcorp.com/_tarballs/lightningcss@1.32.0/lightningcss-1.32.0.b85aae96486dcb1bf49a7c8571221273f4f1e4a9.tgz",
      "integrity": "sha1-uFqulkhtyxv0mnyFcSISc/Tx5Kk=",
      "dev": true,
      "license": "MPL-2.0",
      "dependencies": {
        "detect-libc": "^2.0.3"
      },
      "engines": {
        "node": ">= 12.0.0"
      },
      "funding": {
        "type": "opencollective",
        "url": "https://opencollective.com/parcel"
      },
      "optionalDependencies": {
        "lightningcss-android-arm64": "1.32.0",
        "lightningcss-darwin-arm64": "1.32.0",
        "lightningcss-darwin-x64": "1.32.0",
        "lightningcss-freebsd-x64": "1.32.0",
        "lightningcss-linux-arm-gnueabihf": "1.32.0",
        "lightningcss-linux-arm64-gnu": "1.32.0",
        "lightningcss-linux-arm64-musl": "1.32.0",
        "lightningcss-linux-x64-gnu": "1.32.0",
        "lightningcss-linux-x64-musl": "1.32.0",
        "lightningcss-win32-arm64-msvc": "1.32.0",
        "lightningcss-win32-x64-msvc": "1.32.0"
      }
    },
    "node_modules/lightningcss-android-arm64": {
      "version": "1.32.0",
      "resolved": "https://npm.yelpcorp.com/_tarballs/lightningcss-android-arm64@1.32.0/lightningcss-android-arm64-1.32.0.f033885116dfefd9c6f54787523e3514b61e1968.tgz",
      "integrity": "sha1-8DOIURbf79nG9UeHUj41FLYeGWg=",
      "cpu": [
        "arm64"
      ],
      "dev": true,
      "license": "MPL-2.0",
      "optional": true,
      "os": [
        "android"
      ],
      "engines": {
        "node": ">= 12.0.0"
      },
      "funding": {
        "type": "opencollective",
        "url": "https://opencollective.com/parcel"
      }
    },
    "node_modules/lightningcss-darwin-arm64": {
      "version": "1.32.0",
      "resolved": "https://npm.yelpcorp.com/_tarballs/lightningcss-darwin-arm64@1.32.0/lightningcss-darwin-arm64-1.32.0.50b71871b01c8199584b649e292547faea7af9b5.tgz",
      "integrity": "sha1-ULcYcbAcgZlYS2SeKSVH+up6+bU=",
      "cpu": [
        "arm64"
      ],
      "dev": true,
      "license": "MPL-2.0",
      "optional": true,
      "os": [
        "darwin"
      ],
      "engines": {
        "node": ">= 12.0.0"
      },
      "funding": {
        "type": "opencollective",
        "url": "https://opencollective.com/parcel"
      }
    },
    "node_modules/lightningcss-darwin-x64": {
      "version": "1.32.0",
      "resolved": "https://npm.yelpcorp.com/_tarballs/lightningcss-darwin-x64@1.32.0/lightningcss-darwin-x64-1.32.0.35f3e97332d130b9ca181e11b568ded6aebc6d5e.tgz",
      "integrity": "sha1-NfPpczLRMLnKGB4RtWje1q68bV4=",
      "cpu": [
        "x64"
      ],
      "dev": true,
      "license": "MPL-2.0",
      "optional": true,
      "os": [
        "darwin"
      ],
      "engines": {
        "node": ">= 12.0.0"
      },
      "funding": {
        "type": "opencollective",
        "url": "https://opencollective.com/parcel"
      }
    },
    "node_modules/lightningcss-freebsd-x64": {
      "version": "1.32.0",
      "resolved": "https://npm.yelpcorp.com/_tarballs/lightningcss-freebsd-x64@1.32.0/lightningcss-freebsd-x64-1.32.0.9777a76472b64ed6ff94342ad64c7bafd794a575.tgz",
      "integrity": "sha1-l3enZHK2Ttb/lDQq1kx7r9eUpXU=",
      "cpu": [
        "x64"
      ],
      "dev": true,
      "license": "MPL-2.0",
      "optional": true,
      "os": [
        "freebsd"
      ],
      "engines": {
        "node": ">= 12.0.0"
      },
      "funding": {
        "type": "opencollective",
        "url": "https://opencollective.com/parcel"
      }
    },
    "node_modules/lightningcss-linux-arm-gnueabihf": {
      "version": "1.32.0",
      "resolved": "https://npm.yelpcorp.com/_tarballs/lightningcss-linux-arm-gnueabihf@1.32.0/lightningcss-linux-arm-gnueabihf-1.32.0.13ae652e1ab73b9135d7b7da172f666c410ad53d.tgz",
      "integrity": "sha1-E65lLhq3O5E117faFy9mbEEK1T0=",
      "cpu": [
        "arm"
      ],
      "dev": true,
      "license": "MPL-2.0",
      "optional": true,
      "os": [
        "linux"
      ],
      "engines": {
        "node": ">= 12.0.0"
      },
      "funding": {
        "type": "opencollective",
        "url": "https://opencollective.com/parcel"
      }
    },
    "node_modules/lightningcss-linux-arm64-gnu": {
      "version": "1.32.0",
      "resolved": "https://npm.yelpcorp.com/_tarballs/lightningcss-linux-arm64-gnu@1.32.0/lightningcss-linux-arm64-gnu-1.32.0.417858795a94592f680123a1b1f9da8a0e1ef335.tgz",
      "integrity": "sha1-QXhYeVqUWS9oASOhsfnaig4e8zU=",
      "cpu": [
        "arm64"
      ],
      "dev": true,
      "license": "MPL-2.0",
      "optional": true,
      "os": [
        "linux"
      ],
      "engines": {
        "node": ">= 12.0.0"
      },
      "funding": {
        "type": "opencollective",
        "url": "https://opencollective.com/parcel"
      }
    },
    "node_modules/lightningcss-linux-arm64-musl": {
      "version": "1.32.0",
      "resolved": "https://npm.yelpcorp.com/_tarballs/lightningcss-linux-arm64-musl@1.32.0/lightningcss-linux-arm64-musl-1.32.0.6be36692e810b718040802fd809623cffe732133.tgz",
      "integrity": "sha1-a+NmkugQtxgECAL9gJYjz/5zITM=",
      "cpu": [
        "arm64"
      ],
      "dev": true,
      "license": "MPL-2.0",
      "optional": true,
      "os": [
        "linux"
      ],
      "engines": {
        "node": ">= 12.0.0"
      },
      "funding": {
        "type": "opencollective",
        "url": "https://opencollective.com/parcel"
      }
    },
    "node_modules/lightningcss-linux-x64-gnu": {
      "version": "1.32.0",
      "resolved": "https://npm.yelpcorp.com/_tarballs/lightningcss-linux-x64-gnu@1.32.0/lightningcss-linux-x64-gnu-1.32.0.0b7803af4eb21cfd38dd39fe2abbb53c7dd091f6.tgz",
      "integrity": "sha1-C3gDr06yHP043Tn+Kru1PH3QkfY=",
      "cpu": [
        "x64"
      ],
      "dev": true,
      "license": "MPL-2.0",
      "optional": true,
      "os": [
        "linux"
      ],
      "engines": {
        "node": ">= 12.0.0"
      },
      "funding": {
        "type": "opencollective",
        "url": "https://opencollective.com/parcel"
      }
    },
    "node_modules/lightningcss-linux-x64-musl": {
      "version": "1.32.0",
      "resolved": "https://npm.yelpcorp.com/_tarballs/lightningcss-linux-x64-musl@1.32.0/lightningcss-linux-x64-musl-1.32.0.88dc8ba865ddddb1ac5ef04b0f161804418c163b.tgz",
      "integrity": "sha1-iNyLqGXd3bGsXvBLDxYYBEGMFjs=",
      "cpu": [
        "x64"
      ],
      "dev": true,
      "license": "MPL-2.0",
      "optional": true,
      "os": [
        "linux"
      ],
      "engines": {
        "node": ">= 12.0.0"
      },
      "funding": {
        "type": "opencollective",
        "url": "https://opencollective.com/parcel"
      }
    },
    "node_modules/lightningcss-win32-arm64-msvc": {
      "version": "1.32.0",
      "resolved": "https://npm.yelpcorp.com/_tarballs/lightningcss-win32-arm64-msvc@1.32.0/lightningcss-win32-arm64-msvc-1.32.0.4f30ba3fa5e925f5b79f945e8cc0d176c3b1ab38.tgz",
      "integrity": "sha1-TzC6P6XpJfW3n5RejMDRdsOxqzg=",
      "cpu": [
        "arm64"
      ],
      "dev": true,
      "license": "MPL-2.0",
      "optional": true,
      "os": [
        "win32"
      ],
      "engines": {
        "node": ">= 12.0.0"
      },
      "funding": {
        "type": "opencollective",
        "url": "https://opencollective.com/parcel"
      }
    },
    "node_modules/lightningcss-win32-x64-msvc": {
      "version": "1.32.0",
      "resolved": "https://npm.yelpcorp.com/_tarballs/lightningcss-win32-x64-msvc@1.32.0/lightningcss-win32-x64-msvc-1.32.0.141aa5605645064928902bb4af045fa7d9f4220a.tgz",
      "integrity": "sha1-FBqlYFZFBkkokCu0rwRfp9n0Igo=",
      "cpu": [
        "x64"
      ],
      "dev": true,
      "license": "MPL-2.0",
      "optional": true,
      "os": [
        "win32"
      ],
      "engines": {
        "node": ">= 12.0.0"
      },
      "funding": {
        "type": "opencollective",
        "url": "https://opencollective.com/parcel"
      }
    },
    "node_modules/nanoid": {
      "version": "3.3.11",
      "resolved": "https://npm.yelpcorp.com/_tarballs/nanoid@3.3.11/nanoid-3.3.11.4f4f112cefbe303202f2199838128936266d185b.tgz",
      "integrity": "sha1-T08RLO++MDIC8hmYOBKJNiZtGFs=",
      "dev": true,
      "funding": [
        {
          "type": "github",
          "url": "https://github.com/sponsors/ai"
        }
      ],
      "license": "MIT",
      "bin": {
        "nanoid": "bin/nanoid.cjs"
      },
      "engines": {
        "node": "^10 || ^12 || ^13.7 || ^14 || >=15.0.1"
      }
    },
    "node_modules/picocolors": {
      "version": "1.1.1",
      "resolved": "https://npm.yelpcorp.com/_tarballs/picocolors@1.1.1/picocolors-1.1.1.3d321af3eab939b083c8f929a1d12cda81c26b6b.tgz",
      "integrity": "sha1-PTIa8+q5ObCDyPkpodEs2oHCa2s=",
      "dev": true,
      "license": "ISC"
    },
    "node_modules/picomatch": {
      "version": "4.0.3",
      "resolved": "https://npm.yelpcorp.com/_tarballs/picomatch@4.0.3/picomatch-4.0.3.796c76136d1eead715db1e7bad785dedd695a042.tgz",
      "integrity": "sha1-eWx2E20e6tcV2x57rXhd7daVoEI=",
      "dev": true,
      "license": "MIT",
      "engines": {
        "node": ">=12"
      },
      "funding": {
        "url": "https://github.com/sponsors/jonschlinkert"
      }
    },
    "node_modules/postcss": {
      "version": "8.5.8",
      "resolved": "https://npm.yelpcorp.com/_tarballs/postcss@8.5.8/postcss-8.5.8.6230ecc8fb02e7a0f6982e53990937857e13f399.tgz",
      "integrity": "sha1-YjDsyPsC56D2mC5TmQk3hX4T85k=",
      "dev": true,
      "funding": [
        {
          "type": "opencollective",
          "url": "https://opencollective.com/postcss/"
        },
        {
          "type": "tidelift",
          "url": "https://tidelift.com/funding/github/npm/postcss"
        },
        {
          "type": "github",
          "url": "https://github.com/sponsors/ai"
        }
      ],
      "license": "MIT",
      "dependencies": {
        "nanoid": "^3.3.11",
        "picocolors": "^1.1.1",
        "source-map-js": "^1.2.1"
      },
      "engines": {
        "node": "^10 || ^12 || >=14"
      }
    },
    "node_modules/rolldown": {
      "version": "1.0.0-rc.9",
      "resolved": "https://npm.yelpcorp.com/_tarballs/rolldown@1.0.0-rc.9/rolldown-1.0.0-rc.9.5a0d3e194f2bcc7a134870b174042fcaed463689.tgz",
      "integrity": "sha1-Wg0+GU8rzHoTSHCxdAQvyu1GNok=",
      "dev": true,
      "license": "MIT",
      "dependencies": {
        "@oxc-project/types": "=0.115.0",
        "@rolldown/pluginutils": "1.0.0-rc.9"
      },
      "bin": {
        "rolldown": "bin/cli.mjs"
      },
      "engines": {
        "node": "^20.19.0 || >=22.12.0"
      },
      "optionalDependencies": {
        "@rolldown/binding-android-arm64": "1.0.0-rc.9",
        "@rolldown/binding-darwin-arm64": "1.0.0-rc.9",
        "@rolldown/binding-darwin-x64": "1.0.0-rc.9",
        "@rolldown/binding-freebsd-x64": "1.0.0-rc.9",
        "@rolldown/binding-linux-arm-gnueabihf": "1.0.0-rc.9",
        "@rolldown/binding-linux-arm64-gnu": "1.0.0-rc.9",
        "@rolldown/binding-linux-arm64-musl": "1.0.0-rc.9",
        "@rolldown/binding-linux-ppc64-gnu": "1.0.0-rc.9",
        "@rolldown/binding-linux-s390x-gnu": "1.0.0-rc.9",
        "@rolldown/binding-linux-x64-gnu": "1.0.0-rc.9",
        "@rolldown/binding-linux-x64-musl": "1.0.0-rc.9",
        "@rolldown/binding-openharmony-arm64": "1.0.0-rc.9",
        "@rolldown/binding-wasm32-wasi": "1.0.0-rc.9",
        "@rolldown/binding-win32-arm64-msvc": "1.0.0-rc.9",
        "@rolldown/binding-win32-x64-msvc": "1.0.0-rc.9"
      }
    },
    "node_modules/source-map-js": {
      "version": "1.2.1",
      "resolved": "https://npm.yelpcorp.com/_tarballs/source-map-js@1.2.1/source-map-js-1.2.1.1ce5650fddd87abc099eda37dcff024c2667ae46.tgz",
      "integrity": "sha1-HOVlD93YerwJnto33P8CTCZnrkY=",
      "dev": true,
      "license": "BSD-3-Clause",
      "engines": {
        "node": ">=0.10.0"
      }
    },
    "node_modules/tinyglobby": {
      "version": "0.2.15",
      "resolved": "https://npm.yelpcorp.com/_tarballs/tinyglobby@0.2.15/tinyglobby-0.2.15.e228dd1e638cea993d2fdb4fcd2d4602a79951c2.tgz",
      "integrity": "sha1-4ijdHmOM6pk9L9tPzS1GAqeZUcI=",
      "dev": true,
      "license": "MIT",
      "dependencies": {
        "fdir": "^6.5.0",
        "picomatch": "^4.0.3"
      },
      "engines": {
        "node": ">=12.0.0"
      },
      "funding": {
        "url": "https://github.com/sponsors/SuperchupuDev"
      }
    },
    "node_modules/tslib": {
      "version": "2.8.1",
      "resolved": "https://npm.yelpcorp.com/_tarballs/tslib@2.8.1/tslib-2.8.1.612efe4ed235d567e8aba5f2a5fab70280ade83f.tgz",
      "integrity": "sha1-YS7+TtI11Wfoq6Xypfq3AoCt6D8=",
      "dev": true,
      "license": "0BSD",
      "optional": true
    },
    "node_modules/typescript": {
      "version": "5.9.3",
      "resolved": "https://npm.yelpcorp.com/_tarballs/typescript@5.9.3/typescript-5.9.3.5b4f59e15310ab17a216f5d6cf53ee476ede670f.tgz",
      "integrity": "sha1-W09Z4VMQqxeiFvXWz1PuR27eZw8=",
      "dev": true,
      "license": "Apache-2.0",
      "bin": {
        "tsc": "bin/tsc",
        "tsserver": "bin/tsserver"
      },
      "engines": {
        "node": ">=14.17"
      }
    },
    "node_modules/vite": {
      "version": "8.0.0",
      "resolved": "https://npm.yelpcorp.com/_tarballs/vite@8.0.0/vite-8.0.0.d749f9bf5be196635982bc16ec0c6faf2b31f3a4.tgz",
      "integrity": "sha1-10n5v1vhlmNZgrwW7Axvrysx86Q=",
      "dev": true,
      "license": "MIT",
      "dependencies": {
        "@oxc-project/runtime": "0.115.0",
        "lightningcss": "^1.32.0",
        "picomatch": "^4.0.3",
        "postcss": "^8.5.8",
        "rolldown": "1.0.0-rc.9",
        "tinyglobby": "^0.2.15"
      },
      "bin": {
        "vite": "bin/vite.js"
      },
      "engines": {
        "node": "^20.19.0 || >=22.12.0"
      },
      "funding": {
        "url": "https://github.com/vitejs/vite?sponsor=1"
      },
      "optionalDependencies": {
        "fsevents": "~2.3.3"
      },
      "peerDependencies": {
        "@types/node": "^20.19.0 || >=22.12.0",
        "@vitejs/devtools": "^0.0.0-alpha.31",
        "esbuild": "^0.27.0",
        "jiti": ">=1.21.0",
        "less": "^4.0.0",
        "sass": "^1.70.0",
        "sass-embedded": "^1.70.0",
        "stylus": ">=0.54.8",
        "sugarss": "^5.0.0",
        "terser": "^5.16.0",
        "tsx": "^4.8.1",
        "yaml": "^2.4.2"
      },
      "peerDependenciesMeta": {
        "@types/node": {
          "optional": true
        },
        "@vitejs/devtools": {
          "optional": true
        },
        "esbuild": {
          "optional": true
        },
        "jiti": {
          "optional": true
        },
        "less": {
          "optional": true
        },
        "sass": {
          "optional": true
        },
        "sass-embedded": {
          "optional": true
        },
        "stylus": {
          "optional": true
        },
        "sugarss": {
          "optional": true
        },
        "terser": {
          "optional": true
        },
        "tsx": {
          "optional": true
        },
        "yaml": {
          "optional": true
        }
      }
    }
  }
}
